
Microsoft Visual Studio Solution File, Format Version 12.00
# Visual Studio 14
VisualStudioVersion = 14.0.25420.1
MinimumVisualStudioVersion = 10.0.40219.1
Project("{FAE04EC0-301F-11D3-BF4B-00C04F79EFBC}") = "TSSeafoodSimDevModel", "TSSeafoodSimDevModel\TSSeafoodSimDevModel.csproj", "{3513BAEE-A0FA-4C46-A2B1-B4C777E2BFB8}"
EndProject
Project("{FAE04EC0-301F-11D3-BF4B-00C04F79EFBC}") = "TSSeafoodSimDevController", "TSSeafoodSimDevController\TSSeafoodSimDevController.csproj", "{B6918035-9157-4B6B-AA06-B6EDC2998693}"
	ProjectSection(ProjectDependencies) = postProject
		{CEA8984C-B5A6-40A6-BEEB-A1813F06B46C} = {CEA8984C-B5A6-40A6-BEEB-A1813F06B46C}
	EndProjectSection
EndProject
Project("{FAE04EC0-301F-11D3-BF4B-00C04F79EFBC}") = "TSSeafoodSimDevView", "TSSeafoodSimDevView\TSSeafoodSimDevView.csproj", "{7DE4E3B4-D012-4D6E-8DE2-71A428CCDB40}"
	ProjectSection(ProjectDependencies) = postProject
		{B6918035-9157-4B6B-AA06-B6EDC2998693} = {B6918035-9157-4B6B-AA06-B6EDC2998693}
	EndProjectSection
EndProject
Project("{FAE04EC0-301F-11D3-BF4B-00C04F79EFBC}") = "TSSeafoodSimDev", "TSSeafoodSimDev\TSSeafoodSimDev.csproj", "{E40AF13F-2B5E-41EC-BD36-39D4438E763B}"
EndProject
Project("{FAE04EC0-301F-11D3-BF4B-00C04F79EFBC}") = "TSSeadfoodSimDevTest", "TSSeafoodSimDevXTest\TSSeadfoodSimDevTest.csproj", "{317A968E-17E2-4A85-B86E-DC99FCF59C9F}"
	ProjectSection(ProjectDependencies) = postProject
		{B6918035-9157-4B6B-AA06-B6EDC2998693} = {B6918035-9157-4B6B-AA06-B6EDC2998693}
		{E40AF13F-2B5E-41EC-BD36-39D4438E763B} = {E40AF13F-2B5E-41EC-BD36-39D4438E763B}
		{7DE4E3B4-D012-4D6E-8DE2-71A428CCDB40} = {7DE4E3B4-D012-4D6E-8DE2-71A428CCDB40}
		{3513BAEE-A0FA-4C46-A2B1-B4C777E2BFB8} = {3513BAEE-A0FA-4C46-A2B1-B4C777E2BFB8}
	EndProjectSection
EndProject
Project("{FAE04EC0-301F-11D3-BF4B-00C04F79EFBC}") = "TSSeafoodSimDevThirdPartyWrappers", "TSSeafoodSimDevThirdPartyWrappers\TSSeafoodSimDevThirdPartyWrappers.csproj", "{CEA8984C-B5A6-40A6-BEEB-A1813F06B46C}"
EndProject
Global
	GlobalSection(SolutionConfigurationPlatforms) = preSolution
		Debug|Any CPU = Debug|Any CPU
		Release|Any CPU = Release|Any CPU
	EndGlobalSection
	GlobalSection(ProjectConfigurationPlatforms) = postSolution
		{3513BAEE-A0FA-4C46-A2B1-B4C777E2BFB8}.Debug|Any CPU.ActiveCfg = Debug|Any CPU
		{3513BAEE-A0FA-4C46-A2B1-B4C777E2BFB8}.Debug|Any CPU.Build.0 = Debug|Any CPU
		{3513BAEE-A0FA-4C46-A2B1-B4C777E2BFB8}.Release|Any CPU.ActiveCfg = Release|Any CPU
		{3513BAEE-A0FA-4C46-A2B1-B4C777E2BFB8}.Release|Any CPU.Build.0 = Release|Any CPU
		{B6918035-9157-4B6B-AA06-B6EDC2998693}.Debug|Any CPU.ActiveCfg = Debug|Any CPU
		{B6918035-9157-4B6B-AA06-B6EDC2998693}.Debug|Any CPU.Build.0 = Debug|Any CPU
		{B6918035-9157-4B6B-AA06-B6EDC2998693}.Release|Any CPU.ActiveCfg = Release|Any CPU
		{B6918035-9157-4B6B-AA06-B6EDC2998693}.Release|Any CPU.Build.0 = Release|Any CPU
		{7DE4E3B4-D012-4D6E-8DE2-71A428CCDB40}.Debug|Any CPU.ActiveCfg = Debug|Any CPU
		{7DE4E3B4-D012-4D6E-8DE2-71A428CCDB40}.Debug|Any CPU.Build.0 = Debug|Any CPU
		{7DE4E3B4-D012-4D6E-8DE2-71A428CCDB40}.Release|Any CPU.ActiveCfg = Release|Any CPU
		{7DE4E3B4-D012-4D6E-8DE2-71A428CCDB40}.Release|Any CPU.Build.0 = Release|Any CPU
		{E40AF13F-2B5E-41EC-BD36-39D4438E763B}.Debug|Any CPU.ActiveCfg = Debug|Any CPU
		{E40AF13F-2B5E-41EC-BD36-39D4438E763B}.Debug|Any CPU.Build.0 = Debug|Any CPU
		{E40AF13F-2B5E-41EC-BD36-39D4438E763B}.Release|Any CPU.ActiveCfg = Release|Any CPU
		{E40AF13F-2B5E-41EC-BD36-39D4438E763B}.Release|Any CPU.Build.0 = Release|Any CPU
		{317A968E-17E2-4A85-B86E-DC99FCF59C9F}.Debug|Any CPU.ActiveCfg = Debug|Any CPU
		{317A968E-17E2-4A85-B86E-DC99FCF59C9F}.Debug|Any CPU.Build.0 = Debug|Any CPU
		{317A968E-17E2-4A85-B86E-DC99FCF59C9F}.Release|Any CPU.ActiveCfg = Release|Any CPU
		{317A968E-17E2-4A85-B86E-DC99FCF59C9F}.Release|Any CPU.Build.0 = Release|Any CPU
		{CEA8984C-B5A6-40A6-BEEB-A1813F06B46C}.Debug|Any CPU.ActiveCfg = Debug|Any CPU
		{CEA8984C-B5A6-40A6-BEEB-A1813F06B46C}.Debug|Any CPU.Build.0 = Debug|Any CPU
		{CEA8984C-B5A6-40A6-BEEB-A1813F06B46C}.Release|Any CPU.ActiveCfg = Release|Any CPU
		{CEA8984C-B5A6-40A6-BEEB-A1813F06B46C}.Release|Any CPU.Build.0 = Release|Any CPU
	EndGlobalSection
	GlobalSection(SolutionProperties) = preSolution
		HideSolutionNode = FALSE
	EndGlobalSection
EndGlobal
